
Microsoft Visual Studio Solution File, Format Version 13.00
# Visual Studio 2013
Project("{8BC9CEB8-8B4A-11D0-8D11-00A0C91BC942}") = "sounds", "sounds\sounds.vcxproj", "{40603C87-57A4-49DA-994C-9618554D94B7}"
EndProject
Project("{8BC9CEB8-8B4A-11D0-8D11-00A0C91BC942}") = "wtwListTabs", "wtwListTabs\wtwListTabs.vcxproj", "{63CECCBA-A8AC-4CB0-930A-A1C1DDBCE027}"
EndProject
Project("{8BC9CEB8-8B4A-11D0-8D11-00A0C91BC942}") = "libplayer", "sounds\libplayer\libplayer.vcxproj", "{FB9EF28F-F9C2-451A-8033-125AF0C8963F}"
EndProject
Project("{8BC9CEB8-8B4A-11D0-8D11-00A0C91BC942}") = "boost-regex", "boost\boost-regex.vcxproj", "{D1095E8A-63A5-4592-AE93-2D638F20F66A}"
EndProject
Project("{8BC9CEB8-8B4A-11D0-8D11-00A0C91BC942}") = "Emots", "emots\Emots.vcxproj", "{2E330419-7A51-4A30-8273-7C02026EF047}"
EndProject
Project("{8BC9CEB8-8B4A-11D0-8D11-00A0C91BC942}") = "wtwRegexReplacer", "wtwRegexReplacer\wtwRegexReplacer.vcxproj", "{693B7B7A-4B0D-4377-8A78-D270C624E5E6}"
EndProject
Project("{8BC9CEB8-8B4A-11D0-8D11-00A0C91BC942}") = "wtwRemoteImages", "wtwRemoteImages\wtwRemoteImages.vcxproj", "{04E3C96E-D19D-4C80-9BF0-2FAEF54B3713}"
EndProject
Project("{8BC9CEB8-8B4A-11D0-8D11-00A0C91BC942}") = "wtwStatusLog", "wtwStatusLog\wtwStatusLog.vcxproj", "{2D181D95-2438-4DE3-9591-0A07ED0DFAC5}"
EndProject
Project("{8BC9CEB8-8B4A-11D0-8D11-00A0C91BC942}") = "wtwFTPsender", "wtwFTPsender\wtwFTPsender.vcxproj", "{6CF32A78-9778-4F28-ABB8-C2ACF5029D57}"
EndProject
Project("{8BC9CEB8-8B4A-11D0-8D11-00A0C91BC942}") = "wtwPastebin", "wtwPastebin\wtwPastebin.vcxproj", "{257C2D18-DC84-4C4D-9E39-427FB442297A}"
EndProject
Project("{8BC9CEB8-8B4A-11D0-8D11-00A0C91BC942}") = "wtf_dock", "wtf_dock\wtf_dock.vcxproj", "{B6D0F6D3-1070-40E8-9BBF-35BB9E0B22F8}"
EndProject
Project("{8BC9CEB8-8B4A-11D0-8D11-00A0C91BC942}") = "libircclient", "protoIRC\libircclient.vcxproj", "{2D4BE538-E96A-43D6-A0B1-373F50C51D78}"
EndProject
Project("{8BC9CEB8-8B4A-11D0-8D11-00A0C91BC942}") = "protoIRC", "protoIRC\protoIRC.vcxproj", "{CFDBFC1B-8CDB-4CAA-8616-C277640AD010}"
EndProject
Project("{8BC9CEB8-8B4A-11D0-8D11-00A0C91BC942}") = "protoBonjour", "protoBonjour\protoBonjour.vcxproj", "{A3E680BB-2E86-436A-80C5-246DAE5774C8}"
EndProject
Project("{8BC9CEB8-8B4A-11D0-8D11-00A0C91BC942}") = "pexGGPubDir", "pexGGPubDir\pexGGPubDir.vcxproj", "{7E7C4617-F3B8-4F95-BFF3-F62A8DF12F17}"
EndProject
Project("{8BC9CEB8-8B4A-11D0-8D11-00A0C91BC942}") = "pexTNCounter", "pexTNCounter\pexTNCounter.vcxproj", "{CE66DFE8-CC47-4F51-BB40-8F03F508A151}"
EndProject
Project("{8BC9CEB8-8B4A-11D0-8D11-00A0C91BC942}") = "wtwShell", "wtwShell\wtwShell.vcxproj", "{CDFC8284-9B9A-48A6-BB8F-6B4E49838253}"
EndProject
Project("{8BC9CEB8-8B4A-11D0-8D11-00A0C91BC942}") = "wtwAvatars", "wtwAvatars\wtwAvatars.vcxproj", "{5243C064-FF96-4418-B8FE-9A6855BD4C14}"
EndProject
Project("{8BC9CEB8-8B4A-11D0-8D11-00A0C91BC942}") = "wtwCopy", "wtwCopy\wtwCopy.vcxproj", "{5A8AC5AE-4846-482C-8607-1751544A5B89}"
EndProject
Project("{8BC9CEB8-8B4A-11D0-8D11-00A0C91BC942}") = "wtwAutoDescription", "wtwAutoDescription\wtwAutoDescription.vcxproj", "{1A41CC24-C776-444D-913B-529C43CC5628}"
EndProject
Project("{8BC9CEB8-8B4A-11D0-8D11-00A0C91BC942}") = "wtwClipboard", "wtwClipboard\wtwClipboard.vcxproj", "{E131E067-6136-4A4A-B45E-ADA0D9980A11}"
EndProject
Project("{8BC9CEB8-8B4A-11D0-8D11-00A0C91BC942}") = "wtwStatusHistory", "wtwStatusHistory\wtwStatusHistory.vcxproj", "{01939C9E-66CD-4624-97D8-BA22BF586C3C}"
EndProject
Project("{8BC9CEB8-8B4A-11D0-8D11-00A0C91BC942}") = "wtwStatusHotkeys", "wtwStatusHotkeys\wtwStatusHotkeys.vcxproj", "{24909FED-96C9-4072-94F7-A7A494FB458B}"
EndProject
Project("{8BC9CEB8-8B4A-11D0-8D11-00A0C91BC942}") = "wtwHideDescription", "wtwHideDescription\wtwHideDescription.vcxproj", "{EA7665AC-AE89-4D73-B697-EA35E8ECE1FF}"
EndProject
Project("{8BC9CEB8-8B4A-11D0-8D11-00A0C91BC942}") = "wtwConfigBackup", "wtwConfigBackup\wtwConfigBackup.vcxproj", "{140FAF9E-4A93-4264-B187-89E0E7C131B2}"
EndProject
Project("{8BC9CEB8-8B4A-11D0-8D11-00A0C91BC942}") = "wtwWinampStatus", "wtwWinampStatus\wtwWinampStatus.vcxproj", "{1B738F9F-928E-4EFD-A5C1-89F3A4D3EC59}"
EndProject
Project("{8BC9CEB8-8B4A-11D0-8D11-00A0C91BC942}") = "lua-5.2.1", "lua-5.2.1\lua-5.2.1.vcxproj", "{F9252E7A-E80D-4746-9750-2A5BE98425EA}"
EndProject
Project("{8BC9CEB8-8B4A-11D0-8D11-00A0C91BC942}") = "wtwProtoConsole", "wtwProtoConsole\wtwProtoConsole.vcxproj", "{33FD4BFD-2E33-4DF8-9ECB-73B3016984FF}"
EndProject
Global
	GlobalSection(SolutionConfigurationPlatforms) = preSolution
		Debug|Win32 = Debug|Win32
		Debug|x64 = Debug|x64
		Release|Win32 = Release|Win32
		Release|x64 = Release|x64
	EndGlobalSection
	GlobalSection(ProjectConfigurationPlatforms) = postSolution
		{40603C87-57A4-49DA-994C-9618554D94B7}.Debug|Win32.ActiveCfg = Debug|Win32
		{40603C87-57A4-49DA-994C-9618554D94B7}.Debug|Win32.Build.0 = Debug|Win32
		{40603C87-57A4-49DA-994C-9618554D94B7}.Debug|x64.ActiveCfg = Debug|x64
		{40603C87-57A4-49DA-994C-9618554D94B7}.Debug|x64.Build.0 = Debug|x64
		{40603C87-57A4-49DA-994C-9618554D94B7}.Release|Win32.ActiveCfg = Release|Win32
		{40603C87-57A4-49DA-994C-9618554D94B7}.Release|Win32.Build.0 = Release|Win32
		{40603C87-57A4-49DA-994C-9618554D94B7}.Release|x64.ActiveCfg = Release|x64
		{40603C87-57A4-49DA-994C-9618554D94B7}.Release|x64.Build.0 = Release|x64
		{63CECCBA-A8AC-4CB0-930A-A1C1DDBCE027}.Debug|Win32.ActiveCfg = Debug|Win32
		{63CECCBA-A8AC-4CB0-930A-A1C1DDBCE027}.Debug|Win32.Build.0 = Debug|Win32
		{63CECCBA-A8AC-4CB0-930A-A1C1DDBCE027}.Debug|x64.ActiveCfg = Debug|x64
		{63CECCBA-A8AC-4CB0-930A-A1C1DDBCE027}.Debug|x64.Build.0 = Debug|x64
		{63CECCBA-A8AC-4CB0-930A-A1C1DDBCE027}.Release|Win32.ActiveCfg = Release|Win32
		{63CECCBA-A8AC-4CB0-930A-A1C1DDBCE027}.Release|Win32.Build.0 = Release|Win32
		{63CECCBA-A8AC-4CB0-930A-A1C1DDBCE027}.Release|x64.ActiveCfg = Release|x64
		{63CECCBA-A8AC-4CB0-930A-A1C1DDBCE027}.Release|x64.Build.0 = Release|x64
		{FB9EF28F-F9C2-451A-8033-125AF0C8963F}.Debug|Win32.ActiveCfg = Debug|Win32
		{FB9EF28F-F9C2-451A-8033-125AF0C8963F}.Debug|Win32.Build.0 = Debug|Win32
		{FB9EF28F-F9C2-451A-8033-125AF0C8963F}.Debug|x64.ActiveCfg = Debug|x64
		{FB9EF28F-F9C2-451A-8033-125AF0C8963F}.Debug|x64.Build.0 = Debug|x64
		{FB9EF28F-F9C2-451A-8033-125AF0C8963F}.Release|Win32.ActiveCfg = Release|Win32
		{FB9EF28F-F9C2-451A-8033-125AF0C8963F}.Release|Win32.Build.0 = Release|Win32
		{FB9EF28F-F9C2-451A-8033-125AF0C8963F}.Release|x64.ActiveCfg = Release|x64
		{FB9EF28F-F9C2-451A-8033-125AF0C8963F}.Release|x64.Build.0 = Release|x64
		{D1095E8A-63A5-4592-AE93-2D638F20F66A}.Debug|Win32.ActiveCfg = Debug|Win32
		{D1095E8A-63A5-4592-AE93-2D638F20F66A}.Debug|Win32.Build.0 = Debug|Win32
		{D1095E8A-63A5-4592-AE93-2D638F20F66A}.Debug|x64.ActiveCfg = Debug|x64
		{D1095E8A-63A5-4592-AE93-2D638F20F66A}.Debug|x64.Build.0 = Debug|x64
		{D1095E8A-63A5-4592-AE93-2D638F20F66A}.Release|Win32.ActiveCfg = Release|Win32
		{D1095E8A-63A5-4592-AE93-2D638F20F66A}.Release|Win32.Build.0 = Release|Win32
		{D1095E8A-63A5-4592-AE93-2D638F20F66A}.Release|x64.ActiveCfg = Release|x64
		{D1095E8A-63A5-4592-AE93-2D638F20F66A}.Release|x64.Build.0 = Release|x64
		{2E330419-7A51-4A30-8273-7C02026EF047}.Debug|Win32.ActiveCfg = Debug|Win32
		{2E330419-7A51-4A30-8273-7C02026EF047}.Debug|Win32.Build.0 = Debug|Win32
		{2E330419-7A51-4A30-8273-7C02026EF047}.Debug|x64.ActiveCfg = Debug|x64
		{2E330419-7A51-4A30-8273-7C02026EF047}.Debug|x64.Build.0 = Debug|x64
		{2E330419-7A51-4A30-8273-7C02026EF047}.Release|Win32.ActiveCfg = Release|Win32
		{2E330419-7A51-4A30-8273-7C02026EF047}.Release|Win32.Build.0 = Release|Win32
		{2E330419-7A51-4A30-8273-7C02026EF047}.Release|x64.ActiveCfg = Release|x64
		{2E330419-7A51-4A30-8273-7C02026EF047}.Release|x64.Build.0 = Release|x64
		{693B7B7A-4B0D-4377-8A78-D270C624E5E6}.Debug|Win32.ActiveCfg = Debug|Win32
		{693B7B7A-4B0D-4377-8A78-D270C624E5E6}.Debug|Win32.Build.0 = Debug|Win32
		{693B7B7A-4B0D-4377-8A78-D270C624E5E6}.Debug|x64.ActiveCfg = Debug|x64
		{693B7B7A-4B0D-4377-8A78-D270C624E5E6}.Debug|x64.Build.0 = Debug|x64
		{693B7B7A-4B0D-4377-8A78-D270C624E5E6}.Release|Win32.ActiveCfg = Release|Win32
		{693B7B7A-4B0D-4377-8A78-D270C624E5E6}.Release|Win32.Build.0 = Release|Win32
		{693B7B7A-4B0D-4377-8A78-D270C624E5E6}.Release|x64.ActiveCfg = Release|x64
		{693B7B7A-4B0D-4377-8A78-D270C624E5E6}.Release|x64.Build.0 = Release|x64
		{04E3C96E-D19D-4C80-9BF0-2FAEF54B3713}.Debug|Win32.ActiveCfg = Debug|Win32
		{04E3C96E-D19D-4C80-9BF0-2FAEF54B3713}.Debug|Win32.Build.0 = Debug|Win32
		{04E3C96E-D19D-4C80-9BF0-2FAEF54B3713}.Debug|x64.ActiveCfg = Debug|x64
		{04E3C96E-D19D-4C80-9BF0-2FAEF54B3713}.Debug|x64.Build.0 = Debug|x64
		{04E3C96E-D19D-4C80-9BF0-2FAEF54B3713}.Release|Win32.ActiveCfg = Release|Win32
		{04E3C96E-D19D-4C80-9BF0-2FAEF54B3713}.Release|Win32.Build.0 = Release|Win32
		{04E3C96E-D19D-4C80-9BF0-2FAEF54B3713}.Release|x64.ActiveCfg = Release|x64
		{04E3C96E-D19D-4C80-9BF0-2FAEF54B3713}.Release|x64.Build.0 = Release|x64
		{2D181D95-2438-4DE3-9591-0A07ED0DFAC5}.Debug|Win32.ActiveCfg = Debug|Win32
		{2D181D95-2438-4DE3-9591-0A07ED0DFAC5}.Debug|Win32.Build.0 = Debug|Win32
		{2D181D95-2438-4DE3-9591-0A07ED0DFAC5}.Debug|x64.ActiveCfg = Debug|x64
		{2D181D95-2438-4DE3-9591-0A07ED0DFAC5}.Debug|x64.Build.0 = Debug|x64
		{2D181D95-2438-4DE3-9591-0A07ED0DFAC5}.Release|Win32.ActiveCfg = Release|Win32
		{2D181D95-2438-4DE3-9591-0A07ED0DFAC5}.Release|Win32.Build.0 = Release|Win32
		{2D181D95-2438-4DE3-9591-0A07ED0DFAC5}.Release|x64.ActiveCfg = Release|x64
		{2D181D95-2438-4DE3-9591-0A07ED0DFAC5}.Release|x64.Build.0 = Release|x64
		{6CF32A78-9778-4F28-ABB8-C2ACF5029D57}.Debug|Win32.ActiveCfg = Debug|Win32
		{6CF32A78-9778-4F28-ABB8-C2ACF5029D57}.Debug|Win32.Build.0 = Debug|Win32
		{6CF32A78-9778-4F28-ABB8-C2ACF5029D57}.Debug|x64.ActiveCfg = Debug|x64
		{6CF32A78-9778-4F28-ABB8-C2ACF5029D57}.Debug|x64.Build.0 = Debug|x64
		{6CF32A78-9778-4F28-ABB8-C2ACF5029D57}.Release|Win32.ActiveCfg = Release|Win32
		{6CF32A78-9778-4F28-ABB8-C2ACF5029D57}.Release|Win32.Build.0 = Release|Win32
		{6CF32A78-9778-4F28-ABB8-C2ACF5029D57}.Release|x64.ActiveCfg = Release|x64
		{6CF32A78-9778-4F28-ABB8-C2ACF5029D57}.Release|x64.Build.0 = Release|x64
		{257C2D18-DC84-4C4D-9E39-427FB442297A}.Debug|Win32.ActiveCfg = Debug|Win32
		{257C2D18-DC84-4C4D-9E39-427FB442297A}.Debug|Win32.Build.0 = Debug|Win32
		{257C2D18-DC84-4C4D-9E39-427FB442297A}.Debug|x64.ActiveCfg = Debug|x64
		{257C2D18-DC84-4C4D-9E39-427FB442297A}.Debug|x64.Build.0 = Debug|x64
		{257C2D18-DC84-4C4D-9E39-427FB442297A}.Release|Win32.ActiveCfg = Release|Win32
		{257C2D18-DC84-4C4D-9E39-427FB442297A}.Release|Win32.Build.0 = Release|Win32
		{257C2D18-DC84-4C4D-9E39-427FB442297A}.Release|x64.ActiveCfg = Release|x64
		{257C2D18-DC84-4C4D-9E39-427FB442297A}.Release|x64.Build.0 = Release|x64
		{B6D0F6D3-1070-40E8-9BBF-35BB9E0B22F8}.Debug|Win32.ActiveCfg = Debug|Win32
		{B6D0F6D3-1070-40E8-9BBF-35BB9E0B22F8}.Debug|Win32.Build.0 = Debug|Win32
		{B6D0F6D3-1070-40E8-9BBF-35BB9E0B22F8}.Debug|x64.ActiveCfg = Debug|x64
		{B6D0F6D3-1070-40E8-9BBF-35BB9E0B22F8}.Debug|x64.Build.0 = Debug|x64
		{B6D0F6D3-1070-40E8-9BBF-35BB9E0B22F8}.Release|Win32.ActiveCfg = Release|Win32
		{B6D0F6D3-1070-40E8-9BBF-35BB9E0B22F8}.Release|Win32.Build.0 = Release|Win32
		{B6D0F6D3-1070-40E8-9BBF-35BB9E0B22F8}.Release|x64.ActiveCfg = Release|x64
		{B6D0F6D3-1070-40E8-9BBF-35BB9E0B22F8}.Release|x64.Build.0 = Release|x64
		{2D4BE538-E96A-43D6-A0B1-373F50C51D78}.Debug|Win32.ActiveCfg = Debug|Win32
		{2D4BE538-E96A-43D6-A0B1-373F50C51D78}.Debug|Win32.Build.0 = Debug|Win32
		{2D4BE538-E96A-43D6-A0B1-373F50C51D78}.Debug|x64.ActiveCfg = Debug|x64
		{2D4BE538-E96A-43D6-A0B1-373F50C51D78}.Debug|x64.Build.0 = Debug|x64
		{2D4BE538-E96A-43D6-A0B1-373F50C51D78}.Release|Win32.ActiveCfg = Release|Win32
		{2D4BE538-E96A-43D6-A0B1-373F50C51D78}.Release|Win32.Build.0 = Release|Win32
		{2D4BE538-E96A-43D6-A0B1-373F50C51D78}.Release|x64.ActiveCfg = Release|x64
		{2D4BE538-E96A-43D6-A0B1-373F50C51D78}.Release|x64.Build.0 = Release|x64
		{CFDBFC1B-8CDB-4CAA-8616-C277640AD010}.Debug|Win32.ActiveCfg = Debug|Win32
		{CFDBFC1B-8CDB-4CAA-8616-C277640AD010}.Debug|Win32.Build.0 = Debug|Win32
		{CFDBFC1B-8CDB-4CAA-8616-C277640AD010}.Debug|x64.ActiveCfg = Debug|x64
		{CFDBFC1B-8CDB-4CAA-8616-C277640AD010}.Debug|x64.Build.0 = Debug|x64
		{CFDBFC1B-8CDB-4CAA-8616-C277640AD010}.Release|Win32.ActiveCfg = Release|Win32
		{CFDBFC1B-8CDB-4CAA-8616-C277640AD010}.Release|Win32.Build.0 = Release|Win32
		{CFDBFC1B-8CDB-4CAA-8616-C277640AD010}.Release|x64.ActiveCfg = Release|x64
		{CFDBFC1B-8CDB-4CAA-8616-C277640AD010}.Release|x64.Build.0 = Release|x64
		{A3E680BB-2E86-436A-80C5-246DAE5774C8}.Debug|Win32.ActiveCfg = Debug|Win32
		{A3E680BB-2E86-436A-80C5-246DAE5774C8}.Debug|Win32.Build.0 = Debug|Win32
		{A3E680BB-2E86-436A-80C5-246DAE5774C8}.Debug|x64.ActiveCfg = Debug|x64
		{A3E680BB-2E86-436A-80C5-246DAE5774C8}.Debug|x64.Build.0 = Debug|x64
		{A3E680BB-2E86-436A-80C5-246DAE5774C8}.Release|Win32.ActiveCfg = Release|Win32
		{A3E680BB-2E86-436A-80C5-246DAE5774C8}.Release|Win32.Build.0 = Release|Win32
		{A3E680BB-2E86-436A-80C5-246DAE5774C8}.Release|x64.ActiveCfg = Release|x64
		{A3E680BB-2E86-436A-80C5-246DAE5774C8}.Release|x64.Build.0 = Release|x64
		{7E7C4617-F3B8-4F95-BFF3-F62A8DF12F17}.Debug|Win32.ActiveCfg = Debug|Win32
		{7E7C4617-F3B8-4F95-BFF3-F62A8DF12F17}.Debug|Win32.Build.0 = Debug|Win32
		{7E7C4617-F3B8-4F95-BFF3-F62A8DF12F17}.Debug|x64.ActiveCfg = Debug|x64
		{7E7C4617-F3B8-4F95-BFF3-F62A8DF12F17}.Debug|x64.Build.0 = Debug|x64
		{7E7C4617-F3B8-4F95-BFF3-F62A8DF12F17}.Release|Win32.ActiveCfg = Release|Win32
		{7E7C4617-F3B8-4F95-BFF3-F62A8DF12F17}.Release|Win32.Build.0 = Release|Win32
		{7E7C4617-F3B8-4F95-BFF3-F62A8DF12F17}.Release|x64.ActiveCfg = Release|x64
		{7E7C4617-F3B8-4F95-BFF3-F62A8DF12F17}.Release|x64.Build.0 = Release|x64
		{CE66DFE8-CC47-4F51-BB40-8F03F508A151}.Debug|Win32.ActiveCfg = Debug|Win32
		{CE66DFE8-CC47-4F51-BB40-8F03F508A151}.Debug|Win32.Build.0 = Debug|Win32
		{CE66DFE8-CC47-4F51-BB40-8F03F508A151}.Debug|x64.ActiveCfg = Debug|x64
		{CE66DFE8-CC47-4F51-BB40-8F03F508A151}.Debug|x64.Build.0 = Debug|x64
		{CE66DFE8-CC47-4F51-BB40-8F03F508A151}.Release|Win32.ActiveCfg = Release|Win32
		{CE66DFE8-CC47-4F51-BB40-8F03F508A151}.Release|Win32.Build.0 = Release|Win32
		{CE66DFE8-CC47-4F51-BB40-8F03F508A151}.Release|x64.ActiveCfg = Release|x64
		{CE66DFE8-CC47-4F51-BB40-8F03F508A151}.Release|x64.Build.0 = Release|x64
		{CDFC8284-9B9A-48A6-BB8F-6B4E49838253}.Debug|Win32.ActiveCfg = Debug|Win32
		{CDFC8284-9B9A-48A6-BB8F-6B4E49838253}.Debug|Win32.Build.0 = Debug|Win32
		{CDFC8284-9B9A-48A6-BB8F-6B4E49838253}.Debug|x64.ActiveCfg = Debug|x64
		{CDFC8284-9B9A-48A6-BB8F-6B4E49838253}.Debug|x64.Build.0 = Debug|x64
		{CDFC8284-9B9A-48A6-BB8F-6B4E49838253}.Release|Win32.ActiveCfg = Release|Win32
		{CDFC8284-9B9A-48A6-BB8F-6B4E49838253}.Release|Win32.Build.0 = Release|Win32
		{CDFC8284-9B9A-48A6-BB8F-6B4E49838253}.Release|x64.ActiveCfg = Release|x64
		{CDFC8284-9B9A-48A6-BB8F-6B4E49838253}.Release|x64.Build.0 = Release|x64
		{5243C064-FF96-4418-B8FE-9A6855BD4C14}.Debug|Win32.ActiveCfg = Debug|Win32
		{5243C064-FF96-4418-B8FE-9A6855BD4C14}.Debug|Win32.Build.0 = Debug|Win32
		{5243C064-FF96-4418-B8FE-9A6855BD4C14}.Debug|x64.ActiveCfg = Debug|x64
		{5243C064-FF96-4418-B8FE-9A6855BD4C14}.Debug|x64.Build.0 = Debug|x64
		{5243C064-FF96-4418-B8FE-9A6855BD4C14}.Release|Win32.ActiveCfg = Release|Win32
		{5243C064-FF96-4418-B8FE-9A6855BD4C14}.Release|Win32.Build.0 = Release|Win32
		{5243C064-FF96-4418-B8FE-9A6855BD4C14}.Release|x64.ActiveCfg = Release|x64
		{5243C064-FF96-4418-B8FE-9A6855BD4C14}.Release|x64.Build.0 = Release|x64
		{5A8AC5AE-4846-482C-8607-1751544A5B89}.Debug|Win32.ActiveCfg = Debug|Win32
		{5A8AC5AE-4846-482C-8607-1751544A5B89}.Debug|Win32.Build.0 = Debug|Win32
		{5A8AC5AE-4846-482C-8607-1751544A5B89}.Debug|x64.ActiveCfg = Debug|x64
		{5A8AC5AE-4846-482C-8607-1751544A5B89}.Debug|x64.Build.0 = Debug|x64
		{5A8AC5AE-4846-482C-8607-1751544A5B89}.Release|Win32.ActiveCfg = Release|Win32
		{5A8AC5AE-4846-482C-8607-1751544A5B89}.Release|Win32.Build.0 = Release|Win32
		{5A8AC5AE-4846-482C-8607-1751544A5B89}.Release|x64.ActiveCfg = Release|x64
		{5A8AC5AE-4846-482C-8607-1751544A5B89}.Release|x64.Build.0 = Release|x64
		{1A41CC24-C776-444D-913B-529C43CC5628}.Debug|Win32.ActiveCfg = Debug|Win32
		{1A41CC24-C776-444D-913B-529C43CC5628}.Debug|Win32.Build.0 = Debug|Win32
		{1A41CC24-C776-444D-913B-529C43CC5628}.Debug|x64.ActiveCfg = Debug|x64
		{1A41CC24-C776-444D-913B-529C43CC5628}.Debug|x64.Build.0 = Debug|x64
		{1A41CC24-C776-444D-913B-529C43CC5628}.Release|Win32.ActiveCfg = Release|Win32
		{1A41CC24-C776-444D-913B-529C43CC5628}.Release|Win32.Build.0 = Release|Win32
		{1A41CC24-C776-444D-913B-529C43CC5628}.Release|x64.ActiveCfg = Release|x64
		{1A41CC24-C776-444D-913B-529C43CC5628}.Release|x64.Build.0 = Release|x64
		{E131E067-6136-4A4A-B45E-ADA0D9980A11}.Debug|Win32.ActiveCfg = Debug|Win32
		{E131E067-6136-4A4A-B45E-ADA0D9980A11}.Debug|Win32.Build.0 = Debug|Win32
		{E131E067-6136-4A4A-B45E-ADA0D9980A11}.Debug|x64.ActiveCfg = Debug|x64
		{E131E067-6136-4A4A-B45E-ADA0D9980A11}.Debug|x64.Build.0 = Debug|x64
		{E131E067-6136-4A4A-B45E-ADA0D9980A11}.Release|Win32.ActiveCfg = Release|Win32
		{E131E067-6136-4A4A-B45E-ADA0D9980A11}.Release|Win32.Build.0 = Release|Win32
		{E131E067-6136-4A4A-B45E-ADA0D9980A11}.Release|x64.ActiveCfg = Release|x64
		{E131E067-6136-4A4A-B45E-ADA0D9980A11}.Release|x64.Build.0 = Release|x64
		{01939C9E-66CD-4624-97D8-BA22BF586C3C}.Debug|Win32.ActiveCfg = Debug|Win32
		{01939C9E-66CD-4624-97D8-BA22BF586C3C}.Debug|Win32.Build.0 = Debug|Win32
		{01939C9E-66CD-4624-97D8-BA22BF586C3C}.Debug|x64.ActiveCfg = Debug|x64
		{01939C9E-66CD-4624-97D8-BA22BF586C3C}.Debug|x64.Build.0 = Debug|x64
		{01939C9E-66CD-4624-97D8-BA22BF586C3C}.Release|Win32.ActiveCfg = Release|Win32
		{01939C9E-66CD-4624-97D8-BA22BF586C3C}.Release|Win32.Build.0 = Release|Win32
		{01939C9E-66CD-4624-97D8-BA22BF586C3C}.Release|x64.ActiveCfg = Release|x64
		{01939C9E-66CD-4624-97D8-BA22BF586C3C}.Release|x64.Build.0 = Release|x64
		{24909FED-96C9-4072-94F7-A7A494FB458B}.Debug|Win32.ActiveCfg = Debug|Win32
		{24909FED-96C9-4072-94F7-A7A494FB458B}.Debug|Win32.Build.0 = Debug|Win32
		{24909FED-96C9-4072-94F7-A7A494FB458B}.Debug|x64.ActiveCfg = Debug|x64
		{24909FED-96C9-4072-94F7-A7A494FB458B}.Debug|x64.Build.0 = Debug|x64
		{24909FED-96C9-4072-94F7-A7A494FB458B}.Release|Win32.ActiveCfg = Release|Win32
		{24909FED-96C9-4072-94F7-A7A494FB458B}.Release|Win32.Build.0 = Release|Win32
		{24909FED-96C9-4072-94F7-A7A494FB458B}.Release|x64.ActiveCfg = Release|x64
		{24909FED-96C9-4072-94F7-A7A494FB458B}.Release|x64.Build.0 = Release|x64
		{EA7665AC-AE89-4D73-B697-EA35E8ECE1FF}.Debug|Win32.ActiveCfg = Debug|Win32
		{EA7665AC-AE89-4D73-B697-EA35E8ECE1FF}.Debug|Win32.Build.0 = Debug|Win32
		{EA7665AC-AE89-4D73-B697-EA35E8ECE1FF}.Debug|x64.ActiveCfg = Debug|x64
		{EA7665AC-AE89-4D73-B697-EA35E8ECE1FF}.Debug|x64.Build.0 = Debug|x64
		{EA7665AC-AE89-4D73-B697-EA35E8ECE1FF}.Release|Win32.ActiveCfg = Release|Win32
		{EA7665AC-AE89-4D73-B697-EA35E8ECE1FF}.Release|Win32.Build.0 = Release|Win32
		{EA7665AC-AE89-4D73-B697-EA35E8ECE1FF}.Release|x64.ActiveCfg = Release|x64
		{EA7665AC-AE89-4D73-B697-EA35E8ECE1FF}.Release|x64.Build.0 = Release|x64
		{140FAF9E-4A93-4264-B187-89E0E7C131B2}.Debug|Win32.ActiveCfg = Debug|Win32
		{140FAF9E-4A93-4264-B187-89E0E7C131B2}.Debug|Win32.Build.0 = Debug|Win32
		{140FAF9E-4A93-4264-B187-89E0E7C131B2}.Debug|x64.ActiveCfg = Debug|x64
		{140FAF9E-4A93-4264-B187-89E0E7C131B2}.Debug|x64.Build.0 = Debug|x64
		{140FAF9E-4A93-4264-B187-89E0E7C131B2}.Release|Win32.ActiveCfg = Release|Win32
		{140FAF9E-4A93-4264-B187-89E0E7C131B2}.Release|Win32.Build.0 = Release|Win32
		{140FAF9E-4A93-4264-B187-89E0E7C131B2}.Release|x64.ActiveCfg = Release|x64
		{140FAF9E-4A93-4264-B187-89E0E7C131B2}.Release|x64.Build.0 = Release|x64
		{1B738F9F-928E-4EFD-A5C1-89F3A4D3EC59}.Debug|Win32.ActiveCfg = Debug|Win32
		{1B738F9F-928E-4EFD-A5C1-89F3A4D3EC59}.Debug|Win32.Build.0 = Debug|Win32
		{1B738F9F-928E-4EFD-A5C1-89F3A4D3EC59}.Debug|x64.ActiveCfg = Debug|x64
		{1B738F9F-928E-4EFD-A5C1-89F3A4D3EC59}.Debug|x64.Build.0 = Debug|x64
		{1B738F9F-928E-4EFD-A5C1-89F3A4D3EC59}.Release|Win32.ActiveCfg = Release|Win32
		{1B738F9F-928E-4EFD-A5C1-89F3A4D3EC59}.Release|Win32.Build.0 = Release|Win32
		{1B738F9F-928E-4EFD-A5C1-89F3A4D3EC59}.Release|x64.ActiveCfg = Release|x64
		{1B738F9F-928E-4EFD-A5C1-89F3A4D3EC59}.Release|x64.Build.0 = Release|x64
		{F9252E7A-E80D-4746-9750-2A5BE98425EA}.Debug|Win32.ActiveCfg = Debug|Win32
		{F9252E7A-E80D-4746-9750-2A5BE98425EA}.Debug|Win32.Build.0 = Debug|Win32
		{F9252E7A-E80D-4746-9750-2A5BE98425EA}.Debug|x64.ActiveCfg = Debug|Win32
		{F9252E7A-E80D-4746-9750-2A5BE98425EA}.Release|Win32.ActiveCfg = Release|Win32
		{F9252E7A-E80D-4746-9750-2A5BE98425EA}.Release|Win32.Build.0 = Release|Win32
		{F9252E7A-E80D-4746-9750-2A5BE98425EA}.Release|x64.ActiveCfg = Release|x64
		{F9252E7A-E80D-4746-9750-2A5BE98425EA}.Release|x64.Build.0 = Release|x64
		{33FD4BFD-2E33-4DF8-9ECB-73B3016984FF}.Debug|Win32.ActiveCfg = Debug|Win32
		{33FD4BFD-2E33-4DF8-9ECB-73B3016984FF}.Debug|Win32.Build.0 = Debug|Win32
		{33FD4BFD-2E33-4DF8-9ECB-73B3016984FF}.Debug|x64.ActiveCfg = Debug|x64
		{33FD4BFD-2E33-4DF8-9ECB-73B3016984FF}.Debug|x64.Build.0 = Debug|x64
		{33FD4BFD-2E33-4DF8-9ECB-73B3016984FF}.Release|Win32.ActiveCfg = Release|Win32
		{33FD4BFD-2E33-4DF8-9ECB-73B3016984FF}.Release|Win32.Build.0 = Release|Win32
		{33FD4BFD-2E33-4DF8-9ECB-73B3016984FF}.Release|x64.ActiveCfg = Release|x64
		{33FD4BFD-2E33-4DF8-9ECB-73B3016984FF}.Release|x64.Build.0 = Release|x64
	EndGlobalSection
	GlobalSection(SolutionProperties) = preSolution
		HideSolutionNode = FALSE
	EndGlobalSection
EndGlobal
